
Microsoft Visual Studio Solution File, Format Version 12.00
# Visual Studio Version 17
VisualStudioVersion = 17.0.31717.71
MinimumVisualStudioVersion = 10.0.40219.1
Project("{9A19103F-16F7-4668-BE54-9A1E7A4F7556}") = "TMS.WebApi", "TMS.WebApi\TMS.WebApi.csproj", "{2F675B55-56A7-4BDB-A574-F99DD901824B}"
EndProject
Project("{9A19103F-16F7-4668-BE54-9A1E7A4F7556}") = "TMS.Domain", "TMS.Domain\TMS.Domain.csproj", "{7F438882-0641-4923-9FEB-82748B99C95D}"
EndProject
Project("{9A19103F-16F7-4668-BE54-9A1E7A4F7556}") = "TMS.Data", "TMS.Data\TMS.Data.csproj", "{ADE15E32-FBB9-48AA-B77F-8415DA21D1BB}"
EndProject
Project("{FAE04EC0-301F-11D3-BF4B-00C04F79EFBC}") = "Tms.UnitTest", "Tms.UnitTest\Tms.UnitTest.csproj", "{EB369A9F-3A7B-407B-89D4-CC0F810CCE00}"
EndProject
Global
	GlobalSection(SolutionConfigurationPlatforms) = preSolution
		Debug|Any CPU = Debug|Any CPU
		Debug|ARM = Debug|ARM
		Debug|ARM64 = Debug|ARM64
		Debug|x64 = Debug|x64
		Debug|x86 = Debug|x86
		Release|Any CPU = Release|Any CPU
		Release|ARM = Release|ARM
		Release|ARM64 = Release|ARM64
		Release|x64 = Release|x64
		Release|x86 = Release|x86
	EndGlobalSection
	GlobalSection(ProjectConfigurationPlatforms) = postSolution
		{2F675B55-56A7-4BDB-A574-F99DD901824B}.Debug|Any CPU.ActiveCfg = Debug|Any CPU
		{2F675B55-56A7-4BDB-A574-F99DD901824B}.Debug|Any CPU.Build.0 = Debug|Any CPU
		{2F675B55-56A7-4BDB-A574-F99DD901824B}.Debug|ARM.ActiveCfg = Debug|Any CPU
		{2F675B55-56A7-4BDB-A574-F99DD901824B}.Debug|ARM.Build.0 = Debug|Any CPU
		{2F675B55-56A7-4BDB-A574-F99DD901824B}.Debug|ARM64.ActiveCfg = Debug|Any CPU
		{2F675B55-56A7-4BDB-A574-F99DD901824B}.Debug|ARM64.Build.0 = Debug|Any CPU
		{2F675B55-56A7-4BDB-A574-F99DD901824B}.Debug|x64.ActiveCfg = Debug|Any CPU
		{2F675B55-56A7-4BDB-A574-F99DD901824B}.Debug|x64.Build.0 = Debug|Any CPU
		{2F675B55-56A7-4BDB-A574-F99DD901824B}.Debug|x86.ActiveCfg = Debug|Any CPU
		{2F675B55-56A7-4BDB-A574-F99DD901824B}.Debug|x86.Build.0 = Debug|Any CPU
		{2F675B55-56A7-4BDB-A574-F99DD901824B}.Release|Any CPU.ActiveCfg = Release|Any CPU
		{2F675B55-56A7-4BDB-A574-F99DD901824B}.Release|Any CPU.Build.0 = Release|Any CPU
		{2F675B55-56A7-4BDB-A574-F99DD901824B}.Release|ARM.ActiveCfg = Release|Any CPU
		{2F675B55-56A7-4BDB-A574-F99DD901824B}.Release|ARM.Build.0 = Release|Any CPU
		{2F675B55-56A7-4BDB-A574-F99DD901824B}.Release|ARM64.ActiveCfg = Release|Any CPU
		{2F675B55-56A7-4BDB-A574-F99DD901824B}.Release|ARM64.Build.0 = Release|Any CPU
		{2F675B55-56A7-4BDB-A574-F99DD901824B}.Release|x64.ActiveCfg = Release|Any CPU
		{2F675B55-56A7-4BDB-A574-F99DD901824B}.Release|x64.Build.0 = Release|Any CPU
		{2F675B55-56A7-4BDB-A574-F99DD901824B}.Release|x86.ActiveCfg = Release|Any CPU
		{2F675B55-56A7-4BDB-A574-F99DD901824B}.Release|x86.Build.0 = Release|Any CPU
		{7F438882-0641-4923-9FEB-82748B99C95D}.Debug|Any CPU.ActiveCfg = Debug|Any CPU
		{7F438882-0641-4923-9FEB-82748B99C95D}.Debug|Any CPU.Build.0 = Debug|Any CPU
		{7F438882-0641-4923-9FEB-82748B99C95D}.Debug|ARM.ActiveCfg = Debug|Any CPU
		{7F438882-0641-4923-9FEB-82748B99C95D}.Debug|ARM.Build.0 = Debug|Any CPU
		{7F438882-0641-4923-9FEB-82748B99C95D}.Debug|ARM64.ActiveCfg = Debug|Any CPU
		{7F438882-0641-4923-9FEB-82748B99C95D}.Debug|ARM64.Build.0 = Debug|Any CPU
		{7F438882-0641-4923-9FEB-82748B99C95D}.Debug|x64.ActiveCfg = Debug|Any CPU
		{7F438882-0641-4923-9FEB-82748B99C95D}.Debug|x64.Build.0 = Debug|Any CPU
		{7F438882-0641-4923-9FEB-82748B99C95D}.Debug|x86.ActiveCfg = Debug|Any CPU
		{7F438882-0641-4923-9FEB-82748B99C95D}.Debug|x86.Build.0 = Debug|Any CPU
		{7F438882-0641-4923-9FEB-82748B99C95D}.Release|Any CPU.ActiveCfg = Release|Any CPU
		{7F438882-0641-4923-9FEB-82748B99C95D}.Release|Any CPU.Build.0 = Release|Any CPU
		{7F438882-0641-4923-9FEB-82748B99C95D}.Release|ARM.ActiveCfg = Release|Any CPU
		{7F438882-0641-4923-9FEB-82748B99C95D}.Release|ARM.Build.0 = Release|Any CPU
		{7F438882-0641-4923-9FEB-82748B99C95D}.Release|ARM64.ActiveCfg = Release|Any CPU
		{7F438882-0641-4923-9FEB-82748B99C95D}.Release|ARM64.Build.0 = Release|Any CPU
		{7F438882-0641-4923-9FEB-82748B99C95D}.Release|x64.ActiveCfg = Release|Any CPU
		{7F438882-0641-4923-9FEB-82748B99C95D}.Release|x64.Build.0 = Release|Any CPU
		{7F438882-0641-4923-9FEB-82748B99C95D}.Release|x86.ActiveCfg = Release|Any CPU
		{7F438882-0641-4923-9FEB-82748B99C95D}.Release|x86.Build.0 = Release|Any CPU
		{ADE15E32-FBB9-48AA-B77F-8415DA21D1BB}.Debug|Any CPU.ActiveCfg = Debug|Any CPU
		{ADE15E32-FBB9-48AA-B77F-8415DA21D1BB}.Debug|Any CPU.Build.0 = Debug|Any CPU
		{ADE15E32-FBB9-48AA-B77F-8415DA21D1BB}.Debug|ARM.ActiveCfg = Debug|Any CPU
		{ADE15E32-FBB9-48AA-B77F-8415DA21D1BB}.Debug|ARM.Build.0 = Debug|Any CPU
		{ADE15E32-FBB9-48AA-B77F-8415DA21D1BB}.Debug|ARM64.ActiveCfg = Debug|Any CPU
		{ADE15E32-FBB9-48AA-B77F-8415DA21D1BB}.Debug|ARM64.Build.0 = Debug|Any CPU
		{ADE15E32-FBB9-48AA-B77F-8415DA21D1BB}.Debug|x64.ActiveCfg = Debug|Any CPU
		{ADE15E32-FBB9-48AA-B77F-8415DA21D1BB}.Debug|x64.Build.0 = Debug|Any CPU
		{ADE15E32-FBB9-48AA-B77F-8415DA21D1BB}.Debug|x86.ActiveCfg = Debug|Any CPU
		{ADE15E32-FBB9-48AA-B77F-8415DA21D1BB}.Debug|x86.Build.0 = Debug|Any CPU
		{ADE15E32-FBB9-48AA-B77F-8415DA21D1BB}.Release|Any CPU.ActiveCfg = Release|Any CPU
		{ADE15E32-FBB9-48AA-B77F-8415DA21D1BB}.Release|Any CPU.Build.0 = Release|Any CPU
		{ADE15E32-FBB9-48AA-B77F-8415DA21D1BB}.Release|ARM.ActiveCfg = Release|Any CPU
		{ADE15E32-FBB9-48AA-B77F-8415DA21D1BB}.Release|ARM.Build.0 = Release|Any CPU
		{ADE15E32-FBB9-48AA-B77F-8415DA21D1BB}.Release|ARM64.ActiveCfg = Release|Any CPU
		{ADE15E32-FBB9-48AA-B77F-8415DA21D1BB}.Release|ARM64.Build.0 = Release|Any CPU
		{ADE15E32-FBB9-48AA-B77F-8415DA21D1BB}.Release|x64.ActiveCfg = Release|Any CPU
		{ADE15E32-FBB9-48AA-B77F-8415DA21D1BB}.Release|x64.Build.0 = Release|Any CPU
		{ADE15E32-FBB9-48AA-B77F-8415DA21D1BB}.Release|x86.ActiveCfg = Release|Any CPU
		{ADE15E32-FBB9-48AA-B77F-8415DA21D1BB}.Release|x86.Build.0 = Release|Any CPU
		{EB369A9F-3A7B-407B-89D4-CC0F810CCE00}.Debug|Any CPU.ActiveCfg = Debug|Any CPU
		{EB369A9F-3A7B-407B-89D4-CC0F810CCE00}.Debug|Any CPU.Build.0 = Debug|Any CPU
		{EB369A9F-3A7B-407B-89D4-CC0F810CCE00}.Debug|ARM.ActiveCfg = Debug|Any CPU
		{EB369A9F-3A7B-407B-89D4-CC0F810CCE00}.Debug|ARM.Build.0 = Debug|Any CPU
		{EB369A9F-3A7B-407B-89D4-CC0F810CCE00}.Debug|ARM64.ActiveCfg = Debug|Any CPU
		{EB369A9F-3A7B-407B-89D4-CC0F810CCE00}.Debug|ARM64.Build.0 = Debug|Any CPU
		{EB369A9F-3A7B-407B-89D4-CC0F810CCE00}.Debug|x64.ActiveCfg = Debug|Any CPU
		{EB369A9F-3A7B-407B-89D4-CC0F810CCE00}.Debug|x64.Build.0 = Debug|Any CPU
		{EB369A9F-3A7B-407B-89D4-CC0F810CCE00}.Debug|x86.ActiveCfg = Debug|Any CPU
		{EB369A9F-3A7B-407B-89D4-CC0F810CCE00}.Debug|x86.Build.0 = Debug|Any CPU
		{EB369A9F-3A7B-407B-89D4-CC0F810CCE00}.Release|Any CPU.ActiveCfg = Release|Any CPU
		{EB369A9F-3A7B-407B-89D4-CC0F810CCE00}.Release|Any CPU.Build.0 = Release|Any CPU
		{EB369A9F-3A7B-407B-89D4-CC0F810CCE00}.Release|ARM.ActiveCfg = Release|Any CPU
		{EB369A9F-3A7B-407B-89D4-CC0F810CCE00}.Release|ARM.Build.0 = Release|Any CPU
		{EB369A9F-3A7B-407B-89D4-CC0F810CCE00}.Release|ARM64.ActiveCfg = Release|Any CPU
		{EB369A9F-3A7B-407B-89D4-CC0F810CCE00}.Release|ARM64.Build.0 = Release|Any CPU
		{EB369A9F-3A7B-407B-89D4-CC0F810CCE00}.Release|x64.ActiveCfg = Release|Any CPU
		{EB369A9F-3A7B-407B-89D4-CC0F810CCE00}.Release|x64.Build.0 = Release|Any CPU
		{EB369A9F-3A7B-407B-89D4-CC0F810CCE00}.Release|x86.ActiveCfg = Release|Any CPU
		{EB369A9F-3A7B-407B-89D4-CC0F810CCE00}.Release|x86.Build.0 = Release|Any CPU
	EndGlobalSection
	GlobalSection(SolutionProperties) = preSolution
		HideSolutionNode = FALSE
	EndGlobalSection
	GlobalSection(ExtensibilityGlobals) = postSolution
		SolutionGuid = {3F5BC9A6-57C3-44B3-AAB0-DFCFEBD3FEEA}
	EndGlobalSection
EndGlobal
